// !$*UTF8*$!
{
	archiveVersion = 1;
	classes = {
	};
	objectVersion = 53;
	objects = {

/* Begin PBXBuildFile section */
		C29BF74A2798FCA400CA2D31 /* Date+Extension.swift in Sources */ = {isa = PBXBuildFile; fileRef = C29BF7492798FCA400CA2D31 /* Date+Extension.swift */; };
		C2F1CAF0279A999300E3F9CC /* PersistenceManager.swift in Sources */ = {isa = PBXBuildFile; fileRef = C2F1CAEF279A999300E3F9CC /* PersistenceManager.swift */; };
		C79B80C82794568900DA9780 /* AppDelegate.swift in Sources */ = {isa = PBXBuildFile; fileRef = C79B80C72794568900DA9780 /* AppDelegate.swift */; };
		C79B80CA2794568900DA9780 /* SceneDelegate.swift in Sources */ = {isa = PBXBuildFile; fileRef = C79B80C92794568900DA9780 /* SceneDelegate.swift */; };
		C79B80CF2794568900DA9780 /* Main.storyboard in Resources */ = {isa = PBXBuildFile; fileRef = C79B80CD2794568900DA9780 /* Main.storyboard */; };
		C79B80D22794568900DA9780 /* Notes.xcdatamodeld in Sources */ = {isa = PBXBuildFile; fileRef = C79B80D02794568900DA9780 /* Notes.xcdatamodeld */; };
		C79B80D42794568A00DA9780 /* Assets.xcassets in Resources */ = {isa = PBXBuildFile; fileRef = C79B80D32794568A00DA9780 /* Assets.xcassets */; };
		C79B80D72794568A00DA9780 /* LaunchScreen.storyboard in Resources */ = {isa = PBXBuildFile; fileRef = C79B80D52794568A00DA9780 /* LaunchScreen.storyboard */; };
		C79B80DF279458CA00DA9780 /* NotesTableViewController.swift in Sources */ = {isa = PBXBuildFile; fileRef = C79B80DE279458CA00DA9780 /* NotesTableViewController.swift */; };
		C79B80E1279458D700DA9780 /* NoteViewController.swift in Sources */ = {isa = PBXBuildFile; fileRef = C79B80E0279458D700DA9780 /* NoteViewController.swift */; };
		C79B80E327945C3400DA9780 /* NoteTableViewCell.swift in Sources */ = {isa = PBXBuildFile; fileRef = C79B80E227945C3400DA9780 /* NoteTableViewCell.swift */; };
/* End PBXBuildFile section */

/* Begin PBXFileReference section */
		C29BF7492798FCA400CA2D31 /* Date+Extension.swift */ = {isa = PBXFileReference; lastKnownFileType = sourcecode.swift; path = "Date+Extension.swift"; sourceTree = "<group>"; };
		C2F1CAEF279A999300E3F9CC /* PersistenceManager.swift */ = {isa = PBXFileReference; fileEncoding = 4; lastKnownFileType = sourcecode.swift; path = PersistenceManager.swift; sourceTree = "<group>"; };
		C79B80C42794568900DA9780 /* Notes.app */ = {isa = PBXFileReference; explicitFileType = wrapper.application; includeInIndex = 0; path = Notes.app; sourceTree = BUILT_PRODUCTS_DIR; };
		C79B80C72794568900DA9780 /* AppDelegate.swift */ = {isa = PBXFileReference; lastKnownFileType = sourcecode.swift; path = AppDelegate.swift; sourceTree = "<group>"; };
		C79B80C92794568900DA9780 /* SceneDelegate.swift */ = {isa = PBXFileReference; lastKnownFileType = sourcecode.swift; path = SceneDelegate.swift; sourceTree = "<group>"; };
		C79B80CE2794568900DA9780 /* Base */ = {isa = PBXFileReference; lastKnownFileType = file.storyboard; name = Base; path = Base.lproj/Main.storyboard; sourceTree = "<group>"; };
		C79B80D12794568900DA9780 /* Notes.xcdatamodel */ = {isa = PBXFileReference; lastKnownFileType = wrapper.xcdatamodel; path = Notes.xcdatamodel; sourceTree = "<group>"; };
		C79B80D32794568A00DA9780 /* Assets.xcassets */ = {isa = PBXFileReference; lastKnownFileType = folder.assetcatalog; path = Assets.xcassets; sourceTree = "<group>"; };
		C79B80D62794568A00DA9780 /* Base */ = {isa = PBXFileReference; lastKnownFileType = file.storyboard; name = Base; path = Base.lproj/LaunchScreen.storyboard; sourceTree = "<group>"; };
		C79B80D82794568A00DA9780 /* Info.plist */ = {isa = PBXFileReference; lastKnownFileType = text.plist.xml; path = Info.plist; sourceTree = "<group>"; };
		C79B80DE279458CA00DA9780 /* NotesTableViewController.swift */ = {isa = PBXFileReference; lastKnownFileType = sourcecode.swift; path = NotesTableViewController.swift; sourceTree = "<group>"; };
		C79B80E0279458D700DA9780 /* NoteViewController.swift */ = {isa = PBXFileReference; lastKnownFileType = sourcecode.swift; path = NoteViewController.swift; sourceTree = "<group>"; };
		C79B80E227945C3400DA9780 /* NoteTableViewCell.swift */ = {isa = PBXFileReference; lastKnownFileType = sourcecode.swift; path = NoteTableViewCell.swift; sourceTree = "<group>"; };
/* End PBXFileReference section */

/* Begin PBXFrameworksBuildPhase section */
		C79B80C12794568900DA9780 /* Frameworks */ = {
			isa = PBXFrameworksBuildPhase;
			buildActionMask = 2147483647;
			files = (
			);
			runOnlyForDeploymentPostprocessing = 0;
		};
/* End PBXFrameworksBuildPhase section */

/* Begin PBXGroup section */
		C29BF7482798FC8400CA2D31 /* Utils */ = {
			isa = PBXGroup;
			children = (
				C29BF7492798FCA400CA2D31 /* Date+Extension.swift */,
			);
			path = Utils;
			sourceTree = "<group>";
		};
		C79B80BB2794568900DA9780 = {
			isa = PBXGroup;
			children = (
				C79B80C62794568900DA9780 /* Notes */,
				C79B80C52794568900DA9780 /* Products */,
			);
			sourceTree = "<group>";
		};
		C79B80C52794568900DA9780 /* Products */ = {
			isa = PBXGroup;
			children = (
				C79B80C42794568900DA9780 /* Notes.app */,
			);
			name = Products;
			sourceTree = "<group>";
		};
		C79B80C62794568900DA9780 /* Notes */ = {
			isa = PBXGroup;
			children = (
				C29BF7482798FC8400CA2D31 /* Utils */,
				C79B80E6279461FD00DA9780 /* Model */,
				C79B80E5279461F800DA9780 /* View */,
				C79B80E4279461EA00DA9780 /* Controller */,
				C79B80D82794568A00DA9780 /* Info.plist */,
			);
			path = Notes;
			sourceTree = "<group>";
		};
		C79B80E4279461EA00DA9780 /* Controller */ = {
			isa = PBXGroup;
			children = (
				C79B80C72794568900DA9780 /* AppDelegate.swift */,
				C79B80C92794568900DA9780 /* SceneDelegate.swift */,
				C79B80DE279458CA00DA9780 /* NotesTableViewController.swift */,
				C79B80E0279458D700DA9780 /* NoteViewController.swift */,
			);
			path = Controller;
			sourceTree = "<group>";
		};
		C79B80E5279461F800DA9780 /* View */ = {
			isa = PBXGroup;
			children = (
				C79B80CD2794568900DA9780 /* Main.storyboard */,
				C79B80D32794568A00DA9780 /* Assets.xcassets */,
				C79B80D52794568A00DA9780 /* LaunchScreen.storyboard */,
				C79B80E227945C3400DA9780 /* NoteTableViewCell.swift */,
			);
			path = View;
			sourceTree = "<group>";
		};
		C79B80E6279461FD00DA9780 /* Model */ = {
			isa = PBXGroup;
			children = (
				C2F1CAEF279A999300E3F9CC /* PersistenceManager.swift */,
				C79B80D02794568900DA9780 /* Notes.xcdatamodeld */,
			);
			path = Model;
			sourceTree = "<group>";
		};
/* End PBXGroup section */

/* Begin PBXNativeTarget section */
		C79B80C32794568900DA9780 /* Notes */ = {
			isa = PBXNativeTarget;
			buildConfigurationList = C79B80DB2794568A00DA9780 /* Build configuration list for PBXNativeTarget "Notes" */;
			buildPhases = (
				C79B80C02794568900DA9780 /* Sources */,
				C79B80C12794568900DA9780 /* Frameworks */,
				C79B80C22794568900DA9780 /* Resources */,
			);
			buildRules = (
			);
			dependencies = (
			);
			name = Notes;
			productName = Notes;
			productReference = C79B80C42794568900DA9780 /* Notes.app */;
			productType = "com.apple.product-type.application";
		};
/* End PBXNativeTarget section */

/* Begin PBXProject section */
		C79B80BC2794568900DA9780 /* Project object */ = {
			isa = PBXProject;
			attributes = {
				BuildIndependentTargetsInParallel = 1;
				LastSwiftUpdateCheck = 1320;
				LastUpgradeCheck = 1320;
				TargetAttributes = {
					C79B80C32794568900DA9780 = {
						CreatedOnToolsVersion = 13.2.1;
					};
				};
			};
			buildConfigurationList = C79B80BF2794568900DA9780 /* Build configuration list for PBXProject "Notes" */;
			compatibilityVersion = "Xcode 11.4";
			developmentRegion = en;
			hasScannedForEncodings = 0;
			knownRegions = (
				en,
				Base,
			);
			mainGroup = C79B80BB2794568900DA9780;
			productRefGroup = C79B80C52794568900DA9780 /* Products */;
			projectDirPath = "";
			projectRoot = "";
			targets = (
				C79B80C32794568900DA9780 /* Notes */,
			);
		};
/* End PBXProject section */

/* Begin PBXResourcesBuildPhase section */
		C79B80C22794568900DA9780 /* Resources */ = {
			isa = PBXResourcesBuildPhase;
			buildActionMask = 2147483647;
			files = (
				C79B80D72794568A00DA9780 /* LaunchScreen.storyboard in Resources */,
				C79B80D42794568A00DA9780 /* Assets.xcassets in Resources */,
				C79B80CF2794568900DA9780 /* Main.storyboard in Resources */,
			);
			runOnlyForDeploymentPostprocessing = 0;
		};
/* End PBXResourcesBuildPhase section */

/* Begin PBXSourcesBuildPhase section */
		C79B80C02794568900DA9780 /* Sources */ = {
			isa = PBXSourcesBuildPhase;
			buildActionMask = 2147483647;
			files = (
				C79B80C82794568900DA9780 /* AppDelegate.swift in Sources */,
				C79B80CA2794568900DA9780 /* SceneDelegate.swift in Sources */,
				C79B80D22794568900DA9780 /* Notes.xcdatamodeld in Sources */,
				C2F1CAF0279A999300E3F9CC /* PersistenceManager.swift in Sources */,
				C79B80E1279458D700DA9780 /* NoteViewController.swift in Sources */,
				C29BF74A2798FCA400CA2D31 /* Date+Extension.swift in Sources */,
				C79B80E327945C3400DA9780 /* NoteTableViewCell.swift in Sources */,
				C79B80DF279458CA00DA9780 /* NotesTableViewController.swift in Sources */,
			);
			runOnlyForDeploymentPostprocessing = 0;
		};
/* End PBXSourcesBuildPhase section */

/* Begin PBXVariantGroup section */
		C79B80CD2794568900DA9780 /* Main.storyboard */ = {
			isa = PBXVariantGroup;
			children = (
				C79B80CE2794568900DA9780 /* Base */,
			);
			name = Main.storyboard;
			sourceTree = "<group>";
		};
		C79B80D52794568A00DA9780 /* LaunchScreen.storyboard */ = {
			isa = PBXVariantGroup;
			children = (
				C79B80D62794568A00DA9780 /* Base */,
			);
			name = LaunchScreen.storyboard;
			sourceTree = "<group>";
		};
/* End PBXVariantGroup section */

/* Begin XCBuildConfiguration section */
		C79B80D92794568A00DA9780 /* Debug */ = {
			isa = XCBuildConfiguration;
			buildSettings = {
				ALWAYS_SEARCH_USER_PATHS = NO;
				CLANG_ANALYZER_NONNULL = YES;
				CLANG_ANALYZER_NUMBER_OBJECT_CONVERSION = YES_AGGRESSIVE;
				CLANG_CXX_LANGUAGE_STANDARD = "gnu++17";
				CLANG_CXX_LIBRARY = "libc++";
				CLANG_ENABLE_MODULES = YES;
				CLANG_ENABLE_OBJC_ARC = YES;
				CLANG_ENABLE_OBJC_WEAK = YES;
				CLANG_WARN_BLOCK_CAPTURE_AUTORELEASING = YES;
				CLANG_WARN_BOOL_CONVERSION = YES;
				CLANG_WARN_COMMA = YES;
				CLANG_WARN_CONSTANT_CONVERSION = YES;
				CLANG_WARN_DEPRECATED_OBJC_IMPLEMENTATIONS = YES;
				CLANG_WARN_DIRECT_OBJC_ISA_USAGE = YES_ERROR;
				CLANG_WARN_DOCUMENTATION_COMMENTS = YES;
				CLANG_WARN_EMPTY_BODY = YES;
				CLANG_WARN_ENUM_CONVERSION = YES;
				CLANG_WARN_INFINITE_RECURSION = YES;
				CLANG_WARN_INT_CONVERSION = YES;
				CLANG_WARN_NON_LITERAL_NULL_CONVERSION = YES;
				CLANG_WARN_OBJC_IMPLICIT_RETAIN_SELF = YES;
				CLANG_WARN_OBJC_LITERAL_CONVERSION = YES;
				CLANG_WARN_OBJC_ROOT_CLASS = YES_ERROR;
				CLANG_WARN_QUOTED_INCLUDE_IN_FRAMEWORK_HEADER = YES;
				CLANG_WARN_RANGE_LOOP_ANALYSIS = YES;
				CLANG_WARN_STRICT_PROTOTYPES = YES;
				CLANG_WARN_SUSPICIOUS_MOVE = YES;
				CLANG_WARN_UNGUARDED_AVAILABILITY = YES_AGGRESSIVE;
				CLANG_WARN_UNREACHABLE_CODE = YES;
				CLANG_WARN__DUPLICATE_METHOD_MATCH = YES;
				COPY_PHASE_STRIP = NO;
				DEBUG_INFORMATION_FORMAT = dwarf;
				ENABLE_STRICT_OBJC_MSGSEND = YES;
				ENABLE_TESTABILITY = YES;
				GCC_C_LANGUAGE_STANDARD = gnu11;
				GCC_DYNAMIC_NO_PIC = NO;
				GCC_NO_COMMON_BLOCKS = YES;
				GCC_OPTIMIZATION_LEVEL = 0;
				GCC_PREPROCESSOR_DEFINITIONS = (
					"DEBUG=1",
					"$(inherited)",
				);
				GCC_WARN_64_TO_32_BIT_CONVERSION = YES;
				GCC_WARN_ABOUT_RETURN_TYPE = YES_ERROR;
				GCC_WARN_UNDECLARED_SELECTOR = YES;
				GCC_WARN_UNINITIALIZED_AUTOS = YES_AGGRESSIVE;
				GCC_WARN_UNUSED_FUNCTION = YES;
				GCC_WARN_UNUSED_VARIABLE = YES;
				IPHONEOS_DEPLOYMENT_TARGET = 13.2;
				MTL_ENABLE_DEBUG_INFO = INCLUDE_SOURCE;
				MTL_FAST_MATH = YES;
				ONLY_ACTIVE_ARCH = YES;
				SDKROOT = iphoneos;
				SWIFT_ACTIVE_COMPILATION_CONDITIONS = DEBUG;
				SWIFT_OPTIMIZATION_LEVEL = "-Onone";
			};
			name = Debug;
		};
		C79B80DA2794568A00DA9780 /* Release */ = {
			isa = XCBuildConfiguration;
			buildSettings = {
				ALWAYS_SEARCH_USER_PATHS = NO;
				CLANG_ANALYZER_NONNULL = YES;
				CLANG_ANALYZER_NUMBER_OBJECT_CONVERSION = YES_AGGRESSIVE;
				CLANG_CXX_LANGUAGE_STANDARD = "gnu++17";
				CLANG_CXX_LIBRARY = "libc++";
				CLANG_ENABLE_MODULES = YES;
				CLANG_ENABLE_OBJC_ARC = YES;
				CLANG_ENABLE_OBJC_WEAK = YES;
				CLANG_WARN_BLOCK_CAPTURE_AUTORELEASING = YES;
				CLANG_WARN_BOOL_CONVERSION = YES;
				CLANG_WARN_COMMA = YES;
				CLANG_WARN_CONSTANT_CONVERSION = YES;
				CLANG_WARN_DEPRECATED_OBJC_IMPLEMENTATIONS = YES;
				CLANG_WARN_DIRECT_OBJC_ISA_USAGE = YES_ERROR;
				CLANG_WARN_DOCUMENTATION_COMMENTS = YES;
				CLANG_WARN_EMPTY_BODY = YES;
				CLANG_WARN_ENUM_CONVERSION = YES;
				CLANG_WARN_INFINITE_RECURSION = YES;
				CLANG_WARN_INT_CONVERSION = YES;
				CLANG_WARN_NON_LITERAL_NULL_CONVERSION = YES;
				CLANG_WARN_OBJC_IMPLICIT_RETAIN_SELF = YES;
				CLANG_WARN_OBJC_LITERAL_CONVERSION = YES;
				CLANG_WARN_OBJC_ROOT_CLASS = YES_ERROR;
				CLANG_WARN_QUOTED_INCLUDE_IN_FRAMEWORK_HEADER = YES;
				CLANG_WARN_RANGE_LOOP_ANALYSIS = YES;
				CLANG_WARN_STRICT_PROTOTYPES = YES;
				CLANG_WARN_SUSPICIOUS_MOVE = YES;
				CLANG_WARN_UNGUARDED_AVAILABILITY = YES_AGGRESSIVE;
				CLANG_WARN_UNREACHABLE_CODE = YES;
				CLANG_WARN__DUPLICATE_METHOD_MATCH = YES;
				COPY_PHASE_STRIP = NO;
				DEBUG_INFORMATION_FORMAT = "dwarf-with-dsym";
				ENABLE_NS_ASSERTIONS = NO;
				ENABLE_STRICT_OBJC_MSGSEND = YES;
				GCC_C_LANGUAGE_STANDARD = gnu11;
				GCC_NO_COMMON_BLOCKS = YES;
				GCC_WARN_64_TO_32_BIT_CONVERSION = YES;
				GCC_WARN_ABOUT_RETURN_TYPE = YES_ERROR;
				GCC_WARN_UNDECLARED_SELECTOR = YES;
				GCC_WARN_UNINITIALIZED_AUTOS = YES_AGGRESSIVE;
				GCC_WARN_UNUSED_FUNCTION = YES;
				GCC_WARN_UNUSED_VARIABLE = YES;
				IPHONEOS_DEPLOYMENT_TARGET = 13.2;
				MTL_ENABLE_DEBUG_INFO = NO;
				MTL_FAST_MATH = YES;
				SDKROOT = iphoneos;
				SWIFT_COMPILATION_MODE = wholemodule;
				SWIFT_OPTIMIZATION_LEVEL = "-O";
				VALIDATE_PRODUCT = YES;
			};
			name = Release;
		};
		C79B80DC2794568A00DA9780 /* Debug */ = {
			isa = XCBuildConfiguration;
			buildSettings = {
				ASSETCATALOG_COMPILER_APPICON_NAME = AppIcon;
				ASSETCATALOG_COMPILER_GLOBAL_ACCENT_COLOR_NAME = AccentColor;
				CODE_SIGN_STYLE = Automatic;
				CURRENT_PROJECT_VERSION = 1;
				GENERATE_INFOPLIST_FILE = YES;
				INFOPLIST_FILE = Notes/Info.plist;
				INFOPLIST_KEY_UIApplicationSupportsIndirectInputEvents = YES;
				INFOPLIST_KEY_UILaunchStoryboardName = LaunchScreen;
				INFOPLIST_KEY_UIMainStoryboardFile = Main;
				INFOPLIST_KEY_UISupportedInterfaceOrientations = "UIInterfaceOrientationPortrait UIInterfaceOrientationLandscapeLeft UIInterfaceOrientationLandscapeRight";
				INFOPLIST_KEY_UISupportedInterfaceOrientations_iPad = "UIInterfaceOrientationPortrait UIInterfaceOrientationPortraitUpsideDown UIInterfaceOrientationLandscapeLeft UIInterfaceOrientationLandscapeRight";
				INFOPLIST_KEY_UISupportedInterfaceOrientations_iPhone = "UIInterfaceOrientationPortrait UIInterfaceOrientationLandscapeLeft UIInterfaceOrientationLandscapeRight";
				LD_RUNPATH_SEARCH_PATHS = (
					"$(inherited)",
					"@executable_path/Frameworks",
				);
				MARKETING_VERSION = 1.0;
				PRODUCT_BUNDLE_IDENTIFIER = net.yagom.Notes;
				PRODUCT_NAME = "$(TARGET_NAME)";
				SWIFT_EMIT_LOC_STRINGS = YES;
				SWIFT_VERSION = 5.0;
				TARGETED_DEVICE_FAMILY = "1,2";
			};
			name = Debug;
		};
		C79B80DD2794568A00DA9780 /* Release */ = {
			isa = XCBuildConfiguration;
			buildSettings = {
				ASSETCATALOG_COMPILER_APPICON_NAME = AppIcon;
				ASSETCATALOG_COMPILER_GLOBAL_ACCENT_COLOR_NAME = AccentColor;
				CODE_SIGN_STYLE = Automatic;
				CURRENT_PROJECT_VERSION = 1;
				GENERATE_INFOPLIST_FILE = YES;
				INFOPLIST_FILE = Notes/Info.plist;
				INFOPLIST_KEY_UIApplicationSupportsIndirectInputEvents = YES;
				INFOPLIST_KEY_UILaunchStoryboardName = LaunchScreen;
				INFOPLIST_KEY_UIMainStoryboardFile = Main;
				INFOPLIST_KEY_UISupportedInterfaceOrientations = "UIInterfaceOrientationPortrait UIInterfaceOrientationLandscapeLeft UIInterfaceOrientationLandscapeRight";
				INFOPLIST_KEY_UISupportedInterfaceOrientations_iPad = "UIInterfaceOrientationPortrait UIInterfaceOrientationPortraitUpsideDown UIInterfaceOrientationLandscapeLeft UIInterfaceOrientationLandscapeRight";
				INFOPLIST_KEY_UISupportedInterfaceOrientations_iPhone = "UIInterfaceOrientationPortrait UIInterfaceOrientationLandscapeLeft UIInterfaceOrientationLandscapeRight";
				LD_RUNPATH_SEARCH_PATHS = (
					"$(inherited)",
					"@executable_path/Frameworks",
				);
				MARKETING_VERSION = 1.0;
				PRODUCT_BUNDLE_IDENTIFIER = net.yagom.Notes;
				PRODUCT_NAME = "$(TARGET_NAME)";
				SWIFT_EMIT_LOC_STRINGS = YES;
				SWIFT_VERSION = 5.0;
				TARGETED_DEVICE_FAMILY = "1,2";
			};
			name = Release;
		};
/* End XCBuildConfiguration section */

/* Begin XCConfigurationList section */
		C79B80BF2794568900DA9780 /* Build configuration list for PBXProject "Notes" */ = {
			isa = XCConfigurationList;
			buildConfigurations = (
				C79B80D92794568A00DA9780 /* Debug */,
				C79B80DA2794568A00DA9780 /* Release */,
			);
			defaultConfigurationIsVisible = 0;
			defaultConfigurationName = Release;
		};
		C79B80DB2794568A00DA9780 /* Build configuration list for PBXNativeTarget "Notes" */ = {
			isa = XCConfigurationList;
			buildConfigurations = (
				C79B80DC2794568A00DA9780 /* Debug */,
				C79B80DD2794568A00DA9780 /* Release */,
			);
			defaultConfigurationIsVisible = 0;
			defaultConfigurationName = Release;
		};
/* End XCConfigurationList section */

/* Begin XCVersionGroup section */
		C79B80D02794568900DA9780 /* Notes.xcdatamodeld */ = {
			isa = XCVersionGroup;
			children = (
				C79B80D12794568900DA9780 /* Notes.xcdatamodel */,
			);
			currentVersion = C79B80D12794568900DA9780 /* Notes.xcdatamodel */;
			path = Notes.xcdatamodeld;
			sourceTree = "<group>";
			versionGroupType = wrapper.xcdatamodel;
		};
/* End XCVersionGroup section */
	};
	rootObject = C79B80BC2794568900DA9780 /* Project object */;
}
