// !$*UTF8*$!
{
	archiveVersion = 1;
	classes = {
	};
	objectVersion = 53;
	objects = {

/* Begin PBXBuildFile section */
		6EDC388D2797D1EA000BC3D9 /* .swiftlint.yml in Resources */ = {isa = PBXBuildFile; fileRef = 6EDC388C2797D1EA000BC3D9 /* .swiftlint.yml */; };
		6EDC38912797DAA5000BC3D9 /* NoteRepository.swift in Sources */ = {isa = PBXBuildFile; fileRef = 6EDC38902797DAA5000BC3D9 /* NoteRepository.swift */; };
		6EDC38932797DAC6000BC3D9 /* NoteRepositoryImpl.swift in Sources */ = {isa = PBXBuildFile; fileRef = 6EDC38922797DAC6000BC3D9 /* NoteRepositoryImpl.swift */; };
		6EDC38982797DB65000BC3D9 /* NoteServiceImpl.swift in Sources */ = {isa = PBXBuildFile; fileRef = 6EDC38972797DB65000BC3D9 /* NoteServiceImpl.swift */; };
		6EDC389B2797DBAD000BC3D9 /* NoteListViewModel.swift in Sources */ = {isa = PBXBuildFile; fileRef = 6EDC389A2797DBAD000BC3D9 /* NoteListViewModel.swift */; };
		6EDC389D2797DBCC000BC3D9 /* NoteDetailViewModel.swift in Sources */ = {isa = PBXBuildFile; fileRef = 6EDC389C2797DBCC000BC3D9 /* NoteDetailViewModel.swift */; };
		6EDC38A02797DC0B000BC3D9 /* Constant.swift in Sources */ = {isa = PBXBuildFile; fileRef = 6EDC389F2797DC0B000BC3D9 /* Constant.swift */; };
		6EDC38A22797DDAF000BC3D9 /* NoteService.swift in Sources */ = {isa = PBXBuildFile; fileRef = 6EDC38A12797DDAF000BC3D9 /* NoteService.swift */; };
		C79B80C82794568900DA9780 /* AppDelegate.swift in Sources */ = {isa = PBXBuildFile; fileRef = C79B80C72794568900DA9780 /* AppDelegate.swift */; };
		C79B80CA2794568900DA9780 /* SceneDelegate.swift in Sources */ = {isa = PBXBuildFile; fileRef = C79B80C92794568900DA9780 /* SceneDelegate.swift */; };
		C79B80CF2794568900DA9780 /* Main.storyboard in Resources */ = {isa = PBXBuildFile; fileRef = C79B80CD2794568900DA9780 /* Main.storyboard */; };
		C79B80D22794568900DA9780 /* Notes.xcdatamodeld in Sources */ = {isa = PBXBuildFile; fileRef = C79B80D02794568900DA9780 /* Notes.xcdatamodeld */; };
		C79B80D42794568A00DA9780 /* Assets.xcassets in Resources */ = {isa = PBXBuildFile; fileRef = C79B80D32794568A00DA9780 /* Assets.xcassets */; };
		C79B80D72794568A00DA9780 /* LaunchScreen.storyboard in Resources */ = {isa = PBXBuildFile; fileRef = C79B80D52794568A00DA9780 /* LaunchScreen.storyboard */; };
		C79B80DF279458CA00DA9780 /* NotesTableViewController.swift in Sources */ = {isa = PBXBuildFile; fileRef = C79B80DE279458CA00DA9780 /* NotesTableViewController.swift */; };
		C79B80E1279458D700DA9780 /* NoteViewController.swift in Sources */ = {isa = PBXBuildFile; fileRef = C79B80E0279458D700DA9780 /* NoteViewController.swift */; };
		C79B80E327945C3400DA9780 /* NoteTableViewCell.swift in Sources */ = {isa = PBXBuildFile; fileRef = C79B80E227945C3400DA9780 /* NoteTableViewCell.swift */; };
		D76A0C17926ECBAC856C06FE /* Pods_Notes.framework in Frameworks */ = {isa = PBXBuildFile; fileRef = AA5551CDC6B54708C8620B12 /* Pods_Notes.framework */; };
/* End PBXBuildFile section */

/* Begin PBXFileReference section */
		6EDC388C2797D1EA000BC3D9 /* .swiftlint.yml */ = {isa = PBXFileReference; lastKnownFileType = text.yaml; path = .swiftlint.yml; sourceTree = "<group>"; };
		6EDC38902797DAA5000BC3D9 /* NoteRepository.swift */ = {isa = PBXFileReference; lastKnownFileType = sourcecode.swift; path = NoteRepository.swift; sourceTree = "<group>"; };
		6EDC38922797DAC6000BC3D9 /* NoteRepositoryImpl.swift */ = {isa = PBXFileReference; lastKnownFileType = sourcecode.swift; path = NoteRepositoryImpl.swift; sourceTree = "<group>"; };
		6EDC38972797DB65000BC3D9 /* NoteServiceImpl.swift */ = {isa = PBXFileReference; lastKnownFileType = sourcecode.swift; path = NoteServiceImpl.swift; sourceTree = "<group>"; };
		6EDC389A2797DBAD000BC3D9 /* NoteListViewModel.swift */ = {isa = PBXFileReference; lastKnownFileType = sourcecode.swift; path = NoteListViewModel.swift; sourceTree = "<group>"; };
		6EDC389C2797DBCC000BC3D9 /* NoteDetailViewModel.swift */ = {isa = PBXFileReference; lastKnownFileType = sourcecode.swift; path = NoteDetailViewModel.swift; sourceTree = "<group>"; };
		6EDC389F2797DC0B000BC3D9 /* Constant.swift */ = {isa = PBXFileReference; lastKnownFileType = sourcecode.swift; path = Constant.swift; sourceTree = "<group>"; };
		6EDC38A12797DDAF000BC3D9 /* NoteService.swift */ = {isa = PBXFileReference; lastKnownFileType = sourcecode.swift; path = NoteService.swift; sourceTree = "<group>"; };
		AA5551CDC6B54708C8620B12 /* Pods_Notes.framework */ = {isa = PBXFileReference; explicitFileType = wrapper.framework; includeInIndex = 0; path = Pods_Notes.framework; sourceTree = BUILT_PRODUCTS_DIR; };
		C455F3BBEE1BA8146EF2B7C2 /* Pods-Notes.release.xcconfig */ = {isa = PBXFileReference; includeInIndex = 1; lastKnownFileType = text.xcconfig; name = "Pods-Notes.release.xcconfig"; path = "Target Support Files/Pods-Notes/Pods-Notes.release.xcconfig"; sourceTree = "<group>"; };
		C79B80C42794568900DA9780 /* Notes.app */ = {isa = PBXFileReference; explicitFileType = wrapper.application; includeInIndex = 0; path = Notes.app; sourceTree = BUILT_PRODUCTS_DIR; };
		C79B80C72794568900DA9780 /* AppDelegate.swift */ = {isa = PBXFileReference; lastKnownFileType = sourcecode.swift; path = AppDelegate.swift; sourceTree = "<group>"; };
		C79B80C92794568900DA9780 /* SceneDelegate.swift */ = {isa = PBXFileReference; lastKnownFileType = sourcecode.swift; path = SceneDelegate.swift; sourceTree = "<group>"; };
		C79B80CE2794568900DA9780 /* Base */ = {isa = PBXFileReference; lastKnownFileType = file.storyboard; name = Base; path = Base.lproj/Main.storyboard; sourceTree = "<group>"; };
		C79B80D12794568900DA9780 /* Notes.xcdatamodel */ = {isa = PBXFileReference; lastKnownFileType = wrapper.xcdatamodel; path = Notes.xcdatamodel; sourceTree = "<group>"; };
		C79B80D32794568A00DA9780 /* Assets.xcassets */ = {isa = PBXFileReference; lastKnownFileType = folder.assetcatalog; path = Assets.xcassets; sourceTree = "<group>"; };
		C79B80D62794568A00DA9780 /* Base */ = {isa = PBXFileReference; lastKnownFileType = file.storyboard; name = Base; path = Base.lproj/LaunchScreen.storyboard; sourceTree = "<group>"; };
		C79B80D82794568A00DA9780 /* Info.plist */ = {isa = PBXFileReference; lastKnownFileType = text.plist.xml; path = Info.plist; sourceTree = "<group>"; };
		C79B80DE279458CA00DA9780 /* NotesTableViewController.swift */ = {isa = PBXFileReference; lastKnownFileType = sourcecode.swift; path = NotesTableViewController.swift; sourceTree = "<group>"; };
		C79B80E0279458D700DA9780 /* NoteViewController.swift */ = {isa = PBXFileReference; lastKnownFileType = sourcecode.swift; path = NoteViewController.swift; sourceTree = "<group>"; };
		C79B80E227945C3400DA9780 /* NoteTableViewCell.swift */ = {isa = PBXFileReference; lastKnownFileType = sourcecode.swift; path = NoteTableViewCell.swift; sourceTree = "<group>"; };
		D77A0B15DE7F83210A4F0AA3 /* Pods-Notes.debug.xcconfig */ = {isa = PBXFileReference; includeInIndex = 1; lastKnownFileType = text.xcconfig; name = "Pods-Notes.debug.xcconfig"; path = "Target Support Files/Pods-Notes/Pods-Notes.debug.xcconfig"; sourceTree = "<group>"; };
/* End PBXFileReference section */

/* Begin PBXFrameworksBuildPhase section */
		C79B80C12794568900DA9780 /* Frameworks */ = {
			isa = PBXFrameworksBuildPhase;
			buildActionMask = 2147483647;
			files = (
				D76A0C17926ECBAC856C06FE /* Pods_Notes.framework in Frameworks */,
			);
			runOnlyForDeploymentPostprocessing = 0;
		};
/* End PBXFrameworksBuildPhase section */

/* Begin PBXGroup section */
		1F907721135B18E40138FC0C /* Frameworks */ = {
			isa = PBXGroup;
			children = (
				AA5551CDC6B54708C8620B12 /* Pods_Notes.framework */,
			);
			name = Frameworks;
			sourceTree = "<group>";
		};
		6EDC388E2797DA3B000BC3D9 /* ViewControllers */ = {
			isa = PBXGroup;
			children = (
				C79B80DE279458CA00DA9780 /* NotesTableViewController.swift */,
				C79B80E0279458D700DA9780 /* NoteViewController.swift */,
			);
			path = ViewControllers;
			sourceTree = "<group>";
		};
		6EDC388F2797DA79000BC3D9 /* Repositorys */ = {
			isa = PBXGroup;
			children = (
				6EDC38902797DAA5000BC3D9 /* NoteRepository.swift */,
				6EDC38922797DAC6000BC3D9 /* NoteRepositoryImpl.swift */,
			);
			path = Repositorys;
			sourceTree = "<group>";
		};
		6EDC38942797DB3F000BC3D9 /* Services */ = {
			isa = PBXGroup;
			children = (
				6EDC38A12797DDAF000BC3D9 /* NoteService.swift */,
				6EDC38972797DB65000BC3D9 /* NoteServiceImpl.swift */,
			);
			path = Services;
			sourceTree = "<group>";
		};
		6EDC38992797DB84000BC3D9 /* ViewModels */ = {
			isa = PBXGroup;
			children = (
				6EDC389A2797DBAD000BC3D9 /* NoteListViewModel.swift */,
				6EDC389C2797DBCC000BC3D9 /* NoteDetailViewModel.swift */,
			);
			path = ViewModels;
			sourceTree = "<group>";
		};
		6EDC389E2797DBFE000BC3D9 /* Common */ = {
			isa = PBXGroup;
			children = (
				6EDC389F2797DC0B000BC3D9 /* Constant.swift */,
			);
			path = Common;
			sourceTree = "<group>";
		};
		C79B80BB2794568900DA9780 = {
			isa = PBXGroup;
			children = (
				6EDC388C2797D1EA000BC3D9 /* .swiftlint.yml */,
				C79B80C62794568900DA9780 /* Notes */,
				C79B80C52794568900DA9780 /* Products */,
				C817D927F894CEC6B0450F62 /* Pods */,
				1F907721135B18E40138FC0C /* Frameworks */,
			);
			sourceTree = "<group>";
		};
		C79B80C52794568900DA9780 /* Products */ = {
			isa = PBXGroup;
			children = (
				C79B80C42794568900DA9780 /* Notes.app */,
			);
			name = Products;
			sourceTree = "<group>";
		};
		C79B80C62794568900DA9780 /* Notes */ = {
			isa = PBXGroup;
			children = (
				6EDC389E2797DBFE000BC3D9 /* Common */,
				6EDC38942797DB3F000BC3D9 /* Services */,
				C79B80E6279461FD00DA9780 /* Models */,
				C79B80E5279461F800DA9780 /* Views */,
				6EDC38992797DB84000BC3D9 /* ViewModels */,
				C79B80C72794568900DA9780 /* AppDelegate.swift */,
				C79B80C92794568900DA9780 /* SceneDelegate.swift */,
				C79B80D82794568A00DA9780 /* Info.plist */,
			);
			path = Notes;
			sourceTree = "<group>";
		};
		C79B80E5279461F800DA9780 /* Views */ = {
			isa = PBXGroup;
			children = (
				6EDC388E2797DA3B000BC3D9 /* ViewControllers */,
				C79B80E227945C3400DA9780 /* NoteTableViewCell.swift */,
				C79B80CD2794568900DA9780 /* Main.storyboard */,
				C79B80D52794568A00DA9780 /* LaunchScreen.storyboard */,
				C79B80D32794568A00DA9780 /* Assets.xcassets */,
			);
			path = Views;
			sourceTree = "<group>";
		};
		C79B80E6279461FD00DA9780 /* Models */ = {
			isa = PBXGroup;
			children = (
				6EDC388F2797DA79000BC3D9 /* Repositorys */,
				C79B80D02794568900DA9780 /* Notes.xcdatamodeld */,
			);
			path = Models;
			sourceTree = "<group>";
		};
		C817D927F894CEC6B0450F62 /* Pods */ = {
			isa = PBXGroup;
			children = (
				D77A0B15DE7F83210A4F0AA3 /* Pods-Notes.debug.xcconfig */,
				C455F3BBEE1BA8146EF2B7C2 /* Pods-Notes.release.xcconfig */,
			);
			path = Pods;
			sourceTree = "<group>";
		};
/* End PBXGroup section */

/* Begin PBXNativeTarget section */
		C79B80C32794568900DA9780 /* Notes */ = {
			isa = PBXNativeTarget;
			buildConfigurationList = C79B80DB2794568A00DA9780 /* Build configuration list for PBXNativeTarget "Notes" */;
			buildPhases = (
				29F698DBDF2946FB07D2161A /* [CP] Check Pods Manifest.lock */,
				C79B80C02794568900DA9780 /* Sources */,
				C79B80C12794568900DA9780 /* Frameworks */,
				C79B80C22794568900DA9780 /* Resources */,
				6EDA23922797CDDC002B876B /* ShellScript */,
			);
			buildRules = (
			);
			dependencies = (
			);
			name = Notes;
			productName = Notes;
			productReference = C79B80C42794568900DA9780 /* Notes.app */;
			productType = "com.apple.product-type.application";
		};
/* End PBXNativeTarget section */

/* Begin PBXProject section */
		C79B80BC2794568900DA9780 /* Project object */ = {
			isa = PBXProject;
			attributes = {
				BuildIndependentTargetsInParallel = 1;
				LastSwiftUpdateCheck = 1320;
				LastUpgradeCheck = 1320;
				TargetAttributes = {
					C79B80C32794568900DA9780 = {
						CreatedOnToolsVersion = 13.2.1;
					};
				};
			};
			buildConfigurationList = C79B80BF2794568900DA9780 /* Build configuration list for PBXProject "Notes" */;
			compatibilityVersion = "Xcode 11.4";
			developmentRegion = en;
			hasScannedForEncodings = 0;
			knownRegions = (
				en,
				Base,
			);
			mainGroup = C79B80BB2794568900DA9780;
			productRefGroup = C79B80C52794568900DA9780 /* Products */;
			projectDirPath = "";
			projectRoot = "";
			targets = (
				C79B80C32794568900DA9780 /* Notes */,
			);
		};
/* End PBXProject section */

/* Begin PBXResourcesBuildPhase section */
		C79B80C22794568900DA9780 /* Resources */ = {
			isa = PBXResourcesBuildPhase;
			buildActionMask = 2147483647;
			files = (
				6EDC388D2797D1EA000BC3D9 /* .swiftlint.yml in Resources */,
				C79B80D72794568A00DA9780 /* LaunchScreen.storyboard in Resources */,
				C79B80D42794568A00DA9780 /* Assets.xcassets in Resources */,
				C79B80CF2794568900DA9780 /* Main.storyboard in Resources */,
			);
			runOnlyForDeploymentPostprocessing = 0;
		};
/* End PBXResourcesBuildPhase section */

/* Begin PBXShellScriptBuildPhase section */
		29F698DBDF2946FB07D2161A /* [CP] Check Pods Manifest.lock */ = {
			isa = PBXShellScriptBuildPhase;
			buildActionMask = 2147483647;
			files = (
			);
			inputFileListPaths = (
			);
			inputPaths = (
				"${PODS_PODFILE_DIR_PATH}/Podfile.lock",
				"${PODS_ROOT}/Manifest.lock",
			);
			name = "[CP] Check Pods Manifest.lock";
			outputFileListPaths = (
			);
			outputPaths = (
				"$(DERIVED_FILE_DIR)/Pods-Notes-checkManifestLockResult.txt",
			);
			runOnlyForDeploymentPostprocessing = 0;
			shellPath = /bin/sh;
			shellScript = "diff \"${PODS_PODFILE_DIR_PATH}/Podfile.lock\" \"${PODS_ROOT}/Manifest.lock\" > /dev/null\nif [ $? != 0 ] ; then\n    # print error to STDERR\n    echo \"error: The sandbox is not in sync with the Podfile.lock. Run 'pod install' or update your CocoaPods installation.\" >&2\n    exit 1\nfi\n# This output is used by Xcode 'outputs' to avoid re-running this script phase.\necho \"SUCCESS\" > \"${SCRIPT_OUTPUT_FILE_0}\"\n";
			showEnvVarsInLog = 0;
		};
		6EDA23922797CDDC002B876B /* ShellScript */ = {
			isa = PBXShellScriptBuildPhase;
			buildActionMask = 2147483647;
			files = (
			);
			inputFileListPaths = (
			);
			inputPaths = (
			);
			outputFileListPaths = (
			);
			outputPaths = (
			);
			runOnlyForDeploymentPostprocessing = 0;
			shellPath = /bin/sh;
			shellScript = "${PODS_ROOT}/SwiftLint/swiftlint\n";
		};
/* End PBXShellScriptBuildPhase section */

/* Begin PBXSourcesBuildPhase section */
		C79B80C02794568900DA9780 /* Sources */ = {
			isa = PBXSourcesBuildPhase;
			buildActionMask = 2147483647;
			files = (
				C79B80C82794568900DA9780 /* AppDelegate.swift in Sources */,
				C79B80CA2794568900DA9780 /* SceneDelegate.swift in Sources */,
				C79B80D22794568900DA9780 /* Notes.xcdatamodeld in Sources */,
				6EDC38982797DB65000BC3D9 /* NoteServiceImpl.swift in Sources */,
				6EDC389D2797DBCC000BC3D9 /* NoteDetailViewModel.swift in Sources */,
				6EDC38932797DAC6000BC3D9 /* NoteRepositoryImpl.swift in Sources */,
				6EDC38912797DAA5000BC3D9 /* NoteRepository.swift in Sources */,
				C79B80E1279458D700DA9780 /* NoteViewController.swift in Sources */,
				6EDC38A02797DC0B000BC3D9 /* Constant.swift in Sources */,
				C79B80E327945C3400DA9780 /* NoteTableViewCell.swift in Sources */,
				6EDC389B2797DBAD000BC3D9 /* NoteListViewModel.swift in Sources */,
				C79B80DF279458CA00DA9780 /* NotesTableViewController.swift in Sources */,
				6EDC38A22797DDAF000BC3D9 /* NoteService.swift in Sources */,
			);
			runOnlyForDeploymentPostprocessing = 0;
		};
/* End PBXSourcesBuildPhase section */

/* Begin PBXVariantGroup section */
		C79B80CD2794568900DA9780 /* Main.storyboard */ = {
			isa = PBXVariantGroup;
			children = (
				C79B80CE2794568900DA9780 /* Base */,
			);
			name = Main.storyboard;
			sourceTree = "<group>";
		};
		C79B80D52794568A00DA9780 /* LaunchScreen.storyboard */ = {
			isa = PBXVariantGroup;
			children = (
				C79B80D62794568A00DA9780 /* Base */,
			);
			name = LaunchScreen.storyboard;
			sourceTree = "<group>";
		};
/* End PBXVariantGroup section */

/* Begin XCBuildConfiguration section */
		C79B80D92794568A00DA9780 /* Debug */ = {
			isa = XCBuildConfiguration;
			buildSettings = {
				ALWAYS_SEARCH_USER_PATHS = NO;
				CLANG_ANALYZER_NONNULL = YES;
				CLANG_ANALYZER_NUMBER_OBJECT_CONVERSION = YES_AGGRESSIVE;
				CLANG_CXX_LANGUAGE_STANDARD = "gnu++17";
				CLANG_CXX_LIBRARY = "libc++";
				CLANG_ENABLE_MODULES = YES;
				CLANG_ENABLE_OBJC_ARC = YES;
				CLANG_ENABLE_OBJC_WEAK = YES;
				CLANG_WARN_BLOCK_CAPTURE_AUTORELEASING = YES;
				CLANG_WARN_BOOL_CONVERSION = YES;
				CLANG_WARN_COMMA = YES;
				CLANG_WARN_CONSTANT_CONVERSION = YES;
				CLANG_WARN_DEPRECATED_OBJC_IMPLEMENTATIONS = YES;
				CLANG_WARN_DIRECT_OBJC_ISA_USAGE = YES_ERROR;
				CLANG_WARN_DOCUMENTATION_COMMENTS = YES;
				CLANG_WARN_EMPTY_BODY = YES;
				CLANG_WARN_ENUM_CONVERSION = YES;
				CLANG_WARN_INFINITE_RECURSION = YES;
				CLANG_WARN_INT_CONVERSION = YES;
				CLANG_WARN_NON_LITERAL_NULL_CONVERSION = YES;
				CLANG_WARN_OBJC_IMPLICIT_RETAIN_SELF = YES;
				CLANG_WARN_OBJC_LITERAL_CONVERSION = YES;
				CLANG_WARN_OBJC_ROOT_CLASS = YES_ERROR;
				CLANG_WARN_QUOTED_INCLUDE_IN_FRAMEWORK_HEADER = YES;
				CLANG_WARN_RANGE_LOOP_ANALYSIS = YES;
				CLANG_WARN_STRICT_PROTOTYPES = YES;
				CLANG_WARN_SUSPICIOUS_MOVE = YES;
				CLANG_WARN_UNGUARDED_AVAILABILITY = YES_AGGRESSIVE;
				CLANG_WARN_UNREACHABLE_CODE = YES;
				CLANG_WARN__DUPLICATE_METHOD_MATCH = YES;
				COPY_PHASE_STRIP = NO;
				DEBUG_INFORMATION_FORMAT = dwarf;
				ENABLE_STRICT_OBJC_MSGSEND = YES;
				ENABLE_TESTABILITY = YES;
				GCC_C_LANGUAGE_STANDARD = gnu11;
				GCC_DYNAMIC_NO_PIC = NO;
				GCC_NO_COMMON_BLOCKS = YES;
				GCC_OPTIMIZATION_LEVEL = 0;
				GCC_PREPROCESSOR_DEFINITIONS = (
					"DEBUG=1",
					"$(inherited)",
				);
				GCC_WARN_64_TO_32_BIT_CONVERSION = YES;
				GCC_WARN_ABOUT_RETURN_TYPE = YES_ERROR;
				GCC_WARN_UNDECLARED_SELECTOR = YES;
				GCC_WARN_UNINITIALIZED_AUTOS = YES_AGGRESSIVE;
				GCC_WARN_UNUSED_FUNCTION = YES;
				GCC_WARN_UNUSED_VARIABLE = YES;
				IPHONEOS_DEPLOYMENT_TARGET = 13.2;
				MTL_ENABLE_DEBUG_INFO = INCLUDE_SOURCE;
				MTL_FAST_MATH = YES;
				ONLY_ACTIVE_ARCH = YES;
				SDKROOT = iphoneos;
				SWIFT_ACTIVE_COMPILATION_CONDITIONS = DEBUG;
				SWIFT_OPTIMIZATION_LEVEL = "-Onone";
			};
			name = Debug;
		};
		C79B80DA2794568A00DA9780 /* Release */ = {
			isa = XCBuildConfiguration;
			buildSettings = {
				ALWAYS_SEARCH_USER_PATHS = NO;
				CLANG_ANALYZER_NONNULL = YES;
				CLANG_ANALYZER_NUMBER_OBJECT_CONVERSION = YES_AGGRESSIVE;
				CLANG_CXX_LANGUAGE_STANDARD = "gnu++17";
				CLANG_CXX_LIBRARY = "libc++";
				CLANG_ENABLE_MODULES = YES;
				CLANG_ENABLE_OBJC_ARC = YES;
				CLANG_ENABLE_OBJC_WEAK = YES;
				CLANG_WARN_BLOCK_CAPTURE_AUTORELEASING = YES;
				CLANG_WARN_BOOL_CONVERSION = YES;
				CLANG_WARN_COMMA = YES;
				CLANG_WARN_CONSTANT_CONVERSION = YES;
				CLANG_WARN_DEPRECATED_OBJC_IMPLEMENTATIONS = YES;
				CLANG_WARN_DIRECT_OBJC_ISA_USAGE = YES_ERROR;
				CLANG_WARN_DOCUMENTATION_COMMENTS = YES;
				CLANG_WARN_EMPTY_BODY = YES;
				CLANG_WARN_ENUM_CONVERSION = YES;
				CLANG_WARN_INFINITE_RECURSION = YES;
				CLANG_WARN_INT_CONVERSION = YES;
				CLANG_WARN_NON_LITERAL_NULL_CONVERSION = YES;
				CLANG_WARN_OBJC_IMPLICIT_RETAIN_SELF = YES;
				CLANG_WARN_OBJC_LITERAL_CONVERSION = YES;
				CLANG_WARN_OBJC_ROOT_CLASS = YES_ERROR;
				CLANG_WARN_QUOTED_INCLUDE_IN_FRAMEWORK_HEADER = YES;
				CLANG_WARN_RANGE_LOOP_ANALYSIS = YES;
				CLANG_WARN_STRICT_PROTOTYPES = YES;
				CLANG_WARN_SUSPICIOUS_MOVE = YES;
				CLANG_WARN_UNGUARDED_AVAILABILITY = YES_AGGRESSIVE;
				CLANG_WARN_UNREACHABLE_CODE = YES;
				CLANG_WARN__DUPLICATE_METHOD_MATCH = YES;
				COPY_PHASE_STRIP = NO;
				DEBUG_INFORMATION_FORMAT = "dwarf-with-dsym";
				ENABLE_NS_ASSERTIONS = NO;
				ENABLE_STRICT_OBJC_MSGSEND = YES;
				GCC_C_LANGUAGE_STANDARD = gnu11;
				GCC_NO_COMMON_BLOCKS = YES;
				GCC_WARN_64_TO_32_BIT_CONVERSION = YES;
				GCC_WARN_ABOUT_RETURN_TYPE = YES_ERROR;
				GCC_WARN_UNDECLARED_SELECTOR = YES;
				GCC_WARN_UNINITIALIZED_AUTOS = YES_AGGRESSIVE;
				GCC_WARN_UNUSED_FUNCTION = YES;
				GCC_WARN_UNUSED_VARIABLE = YES;
				IPHONEOS_DEPLOYMENT_TARGET = 13.2;
				MTL_ENABLE_DEBUG_INFO = NO;
				MTL_FAST_MATH = YES;
				SDKROOT = iphoneos;
				SWIFT_COMPILATION_MODE = wholemodule;
				SWIFT_OPTIMIZATION_LEVEL = "-O";
				VALIDATE_PRODUCT = YES;
			};
			name = Release;
		};
		C79B80DC2794568A00DA9780 /* Debug */ = {
			isa = XCBuildConfiguration;
			baseConfigurationReference = D77A0B15DE7F83210A4F0AA3 /* Pods-Notes.debug.xcconfig */;
			buildSettings = {
				ASSETCATALOG_COMPILER_APPICON_NAME = AppIcon;
				ASSETCATALOG_COMPILER_GLOBAL_ACCENT_COLOR_NAME = AccentColor;
				CODE_SIGN_STYLE = Automatic;
				CURRENT_PROJECT_VERSION = 1;
				GENERATE_INFOPLIST_FILE = YES;
				INFOPLIST_FILE = Notes/Info.plist;
				INFOPLIST_KEY_UIApplicationSupportsIndirectInputEvents = YES;
				INFOPLIST_KEY_UILaunchStoryboardName = LaunchScreen;
				INFOPLIST_KEY_UIMainStoryboardFile = Main;
				INFOPLIST_KEY_UISupportedInterfaceOrientations = "UIInterfaceOrientationPortrait UIInterfaceOrientationLandscapeLeft UIInterfaceOrientationLandscapeRight";
				INFOPLIST_KEY_UISupportedInterfaceOrientations_iPad = "UIInterfaceOrientationPortrait UIInterfaceOrientationPortraitUpsideDown UIInterfaceOrientationLandscapeLeft UIInterfaceOrientationLandscapeRight";
				INFOPLIST_KEY_UISupportedInterfaceOrientations_iPhone = "UIInterfaceOrientationPortrait UIInterfaceOrientationLandscapeLeft UIInterfaceOrientationLandscapeRight";
				LD_RUNPATH_SEARCH_PATHS = (
					"$(inherited)",
					"@executable_path/Frameworks",
				);
				MARKETING_VERSION = 1.0;
				PRODUCT_BUNDLE_IDENTIFIER = net.yagom.Notes;
				PRODUCT_NAME = "$(TARGET_NAME)";
				SWIFT_EMIT_LOC_STRINGS = YES;
				SWIFT_VERSION = 5.0;
				TARGETED_DEVICE_FAMILY = "1,2";
			};
			name = Debug;
		};
		C79B80DD2794568A00DA9780 /* Release */ = {
			isa = XCBuildConfiguration;
			baseConfigurationReference = C455F3BBEE1BA8146EF2B7C2 /* Pods-Notes.release.xcconfig */;
			buildSettings = {
				ASSETCATALOG_COMPILER_APPICON_NAME = AppIcon;
				ASSETCATALOG_COMPILER_GLOBAL_ACCENT_COLOR_NAME = AccentColor;
				CODE_SIGN_STYLE = Automatic;
				CURRENT_PROJECT_VERSION = 1;
				GENERATE_INFOPLIST_FILE = YES;
				INFOPLIST_FILE = Notes/Info.plist;
				INFOPLIST_KEY_UIApplicationSupportsIndirectInputEvents = YES;
				INFOPLIST_KEY_UILaunchStoryboardName = LaunchScreen;
				INFOPLIST_KEY_UIMainStoryboardFile = Main;
				INFOPLIST_KEY_UISupportedInterfaceOrientations = "UIInterfaceOrientationPortrait UIInterfaceOrientationLandscapeLeft UIInterfaceOrientationLandscapeRight";
				INFOPLIST_KEY_UISupportedInterfaceOrientations_iPad = "UIInterfaceOrientationPortrait UIInterfaceOrientationPortraitUpsideDown UIInterfaceOrientationLandscapeLeft UIInterfaceOrientationLandscapeRight";
				INFOPLIST_KEY_UISupportedInterfaceOrientations_iPhone = "UIInterfaceOrientationPortrait UIInterfaceOrientationLandscapeLeft UIInterfaceOrientationLandscapeRight";
				LD_RUNPATH_SEARCH_PATHS = (
					"$(inherited)",
					"@executable_path/Frameworks",
				);
				MARKETING_VERSION = 1.0;
				PRODUCT_BUNDLE_IDENTIFIER = net.yagom.Notes;
				PRODUCT_NAME = "$(TARGET_NAME)";
				SWIFT_EMIT_LOC_STRINGS = YES;
				SWIFT_VERSION = 5.0;
				TARGETED_DEVICE_FAMILY = "1,2";
			};
			name = Release;
		};
/* End XCBuildConfiguration section */

/* Begin XCConfigurationList section */
		C79B80BF2794568900DA9780 /* Build configuration list for PBXProject "Notes" */ = {
			isa = XCConfigurationList;
			buildConfigurations = (
				C79B80D92794568A00DA9780 /* Debug */,
				C79B80DA2794568A00DA9780 /* Release */,
			);
			defaultConfigurationIsVisible = 0;
			defaultConfigurationName = Release;
		};
		C79B80DB2794568A00DA9780 /* Build configuration list for PBXNativeTarget "Notes" */ = {
			isa = XCConfigurationList;
			buildConfigurations = (
				C79B80DC2794568A00DA9780 /* Debug */,
				C79B80DD2794568A00DA9780 /* Release */,
			);
			defaultConfigurationIsVisible = 0;
			defaultConfigurationName = Release;
		};
/* End XCConfigurationList section */

/* Begin XCVersionGroup section */
		C79B80D02794568900DA9780 /* Notes.xcdatamodeld */ = {
			isa = XCVersionGroup;
			children = (
				C79B80D12794568900DA9780 /* Notes.xcdatamodel */,
			);
			currentVersion = C79B80D12794568900DA9780 /* Notes.xcdatamodel */;
			path = Notes.xcdatamodeld;
			sourceTree = "<group>";
			versionGroupType = wrapper.xcdatamodel;
		};
/* End XCVersionGroup section */
	};
	rootObject = C79B80BC2794568900DA9780 /* Project object */;
}
